
Microsoft Visual Studio Solution File, Format Version 12.00
# Visual Studio 2012
Project("{FAE04EC0-301F-11D3-BF4B-00C04F79EFBC}") = "RetryHelper", "RetryHelper\RetryHelper.csproj", "{090FD2FF-7BC8-4213-946E-2ABFA1896F2F}"
EndProject
Project("{2150E333-8FDC-42A3-9474-1A3956D46DE8}") = "Solution Items", "Solution Items", "{EECF3997-89DF-4CED-9303-6B33A3EBC84B}"
	ProjectSection(SolutionItems) = preProject
		README.md = README.md
	EndProjectSection
EndProject
Global
	GlobalSection(SolutionConfigurationPlatforms) = preSolution
		Debug|Any CPU = Debug|Any CPU
		Release|Any CPU = Release|Any CPU
	EndGlobalSection
	GlobalSection(ProjectConfigurationPlatforms) = postSolution
		{090FD2FF-7BC8-4213-946E-2ABFA1896F2F}.Debug|Any CPU.ActiveCfg = Debug|Any CPU
		{090FD2FF-7BC8-4213-946E-2ABFA1896F2F}.Debug|Any CPU.Build.0 = Debug|Any CPU
		{090FD2FF-7BC8-4213-946E-2ABFA1896F2F}.Release|Any CPU.ActiveCfg = Release|Any CPU
		{090FD2FF-7BC8-4213-946E-2ABFA1896F2F}.Release|Any CPU.Build.0 = Release|Any CPU
	EndGlobalSection
	GlobalSection(SolutionProperties) = preSolution
		HideSolutionNode = FALSE
	EndGlobalSection
EndGlobal
