
Microsoft Visual Studio Solution File, Format Version 12.00
# Visual Studio 2012
Project("{FAE04EC0-301F-11D3-BF4B-00C04F79EFBC}") = "RetryHelper", "RetryHelper\RetryHelper.csproj", "{090FD2FF-7BC8-4213-946E-2ABFA1896F2F}"
EndProject
Global
	GlobalSection(SolutionConfigurationPlatforms) = preSolution
		Debug|Any CPU = Debug|Any CPU
		Release|Any CPU = Release|Any CPU
	EndGlobalSection
	GlobalSection(ProjectConfigurationPlatforms) = postSolution
		{090FD2FF-7BC8-4213-946E-2ABFA1896F2F}.Debug|Any CPU.ActiveCfg = Debug|Any CPU
		{090FD2FF-7BC8-4213-946E-2ABFA1896F2F}.Debug|Any CPU.Build.0 = Debug|Any CPU
		{090FD2FF-7BC8-4213-946E-2ABFA1896F2F}.Release|Any CPU.ActiveCfg = Release|Any CPU
		{090FD2FF-7BC8-4213-946E-2ABFA1896F2F}.Release|Any CPU.Build.0 = Release|Any CPU
	EndGlobalSection
	GlobalSection(SolutionProperties) = preSolution
		HideSolutionNode = FALSE
	EndGlobalSection
EndGlobal
